
Microsoft Visual Studio Solution File, Format Version 12.00
# Visual Studio Version 16
VisualStudioVersion = 16.0.28917.181
MinimumVisualStudioVersion = 10.0.40219.1
Project("{FAE04EC0-301F-11D3-BF4B-00C04F79EFBC}") = "Forum_xamarin.Android", "Forum_xamarin\Forum_xamarin.Android\Forum_xamarin.Android.csproj", "{88794584-E368-49EE-8033-094FD338B042}"
EndProject
Project("{FAE04EC0-301F-11D3-BF4B-00C04F79EFBC}") = "Forum_xamarin", "Forum_xamarin\Forum_xamarin\Forum_xamarin.csproj", "{8CF27FB7-396E-49A2-B162-664737406AA9}"
EndProject
Global
	GlobalSection(SolutionConfigurationPlatforms) = preSolution
		Debug|Any CPU = Debug|Any CPU
		Release|Any CPU = Release|Any CPU
	EndGlobalSection
	GlobalSection(ProjectConfigurationPlatforms) = postSolution
		{88794584-E368-49EE-8033-094FD338B042}.Debug|Any CPU.ActiveCfg = Debug|Any CPU
		{88794584-E368-49EE-8033-094FD338B042}.Debug|Any CPU.Build.0 = Debug|Any CPU
		{88794584-E368-49EE-8033-094FD338B042}.Debug|Any CPU.Deploy.0 = Debug|Any CPU
		{88794584-E368-49EE-8033-094FD338B042}.Release|Any CPU.ActiveCfg = Release|Any CPU
		{88794584-E368-49EE-8033-094FD338B042}.Release|Any CPU.Build.0 = Release|Any CPU
		{88794584-E368-49EE-8033-094FD338B042}.Release|Any CPU.Deploy.0 = Release|Any CPU
		{8CF27FB7-396E-49A2-B162-664737406AA9}.Debug|Any CPU.ActiveCfg = Debug|Any CPU
		{8CF27FB7-396E-49A2-B162-664737406AA9}.Debug|Any CPU.Build.0 = Debug|Any CPU
		{8CF27FB7-396E-49A2-B162-664737406AA9}.Debug|Any CPU.Deploy.0 = Debug|Any CPU
		{8CF27FB7-396E-49A2-B162-664737406AA9}.Release|Any CPU.ActiveCfg = Release|Any CPU
		{8CF27FB7-396E-49A2-B162-664737406AA9}.Release|Any CPU.Build.0 = Release|Any CPU
		{8CF27FB7-396E-49A2-B162-664737406AA9}.Release|Any CPU.Deploy.0 = Release|Any CPU
	EndGlobalSection
	GlobalSection(SolutionProperties) = preSolution
		HideSolutionNode = FALSE
	EndGlobalSection
	GlobalSection(ExtensibilityGlobals) = postSolution
		SolutionGuid = {C5F9E688-D24B-453C-B93B-5646C775BC2C}
	EndGlobalSection
EndGlobal
